
Microsoft Visual Studio Solution File, Format Version 12.00
# Visual Studio 15
VisualStudioVersion = 15.0.26730.16
MinimumVisualStudioVersion = 10.0.40219.1
Project("{888888A0-9F3D-457C-B088-3A5042F75D52}") = "PythonLearn", "PythonLearn\PythonLearn.pyproj", "{B30B87FE-F6BA-4C4E-A225-E59A11665CA1}"
EndProject
Global
	GlobalSection(SolutionConfigurationPlatforms) = preSolution
		Debug|Any CPU = Debug|Any CPU
		Release|Any CPU = Release|Any CPU
	EndGlobalSection
	GlobalSection(ProjectConfigurationPlatforms) = postSolution
		{B30B87FE-F6BA-4C4E-A225-E59A11665CA1}.Debug|Any CPU.ActiveCfg = Debug|Any CPU
		{B30B87FE-F6BA-4C4E-A225-E59A11665CA1}.Release|Any CPU.ActiveCfg = Release|Any CPU
	EndGlobalSection
	GlobalSection(SolutionProperties) = preSolution
		HideSolutionNode = FALSE
	EndGlobalSection
	GlobalSection(ExtensibilityGlobals) = postSolution
		SolutionGuid = {C0A83125-BAD5-4332-B78D-F56F0789927D}
	EndGlobalSection
EndGlobal
